
Microsoft Visual Studio Solution File, Format Version 12.00
# Visual Studio Version 17
VisualStudioVersion = 17.5.33414.496
MinimumVisualStudioVersion = 10.0.40219.1
Project("{2150E333-8FDC-42A3-9474-1A3956D46DE8}") = "src", "src", "{150031E8-82EE-427A-BF91-423356A1AD89}"
EndProject
Project("{2150E333-8FDC-42A3-9474-1A3956D46DE8}") = "test", "test", "{7E5703C6-C81D-4C78-8B58-B88F7C21E090}"
EndProject
Project("{2150E333-8FDC-42A3-9474-1A3956D46DE8}") = "_solution-items", "_solution-items", "{E2BCA3D5-4F55-473B-935F-AA53890549E8}"
	ProjectSection(SolutionItems) = preProject
		README.md = README.md
	EndProjectSection
EndProject
Project("{9A19103F-16F7-4668-BE54-9A1E7A4F7556}") = "Quantum.Lib.Common", "src\Quantum.Lib.Common\Quantum.Lib.Common.csproj", "{DFB2C96A-ACAB-4555-8A40-04A2B5C5E6ED}"
EndProject
Project("{9A19103F-16F7-4668-BE54-9A1E7A4F7556}") = "Quantum.Customer.Api", "src\Quantum.Customer.Api\Quantum.Customer.Api.csproj", "{508FF090-9AFF-45C3-9872-5D53455A03D0}"
EndProject
Project("{9A19103F-16F7-4668-BE54-9A1E7A4F7556}") = "Quantum.Lib.AspNet", "src\Quantum.Lib.AspNet\Quantum.Lib.AspNet.csproj", "{45171DD2-7549-4E88-8DEA-19C33A0D3AE7}"
EndProject
Project("{9A19103F-16F7-4668-BE54-9A1E7A4F7556}") = "Quantum.Account.Api", "src\Quantum.Account.Api\Quantum.Account.Api.csproj", "{65D93957-A214-42FB-908B-8D5C5223AF00}"
EndProject
Project("{9A19103F-16F7-4668-BE54-9A1E7A4F7556}") = "Quantum.Lib.DynamoDb", "src\Quantum.Lib.DynamoDb\Quantum.Lib.DynamoDb.csproj", "{43C813C6-C73F-4C93-B0AD-5553CFB23B11}"
EndProject
Project("{9A19103F-16F7-4668-BE54-9A1E7A4F7556}") = "Quantum.Customer.StreamConsumerLambda", "src\Quantum.Customer.StreamConsumerLambda\Quantum.Customer.StreamConsumerLambda.csproj", "{1056C4E2-3ABE-455F-9D64-8CDB21FAB36A}"
EndProject
Project("{9A19103F-16F7-4668-BE54-9A1E7A4F7556}") = "Quantum.Lib.Kafka", "src\Quantum.Lib.Kafka\Quantum.Lib.Kafka.csproj", "{F0C83032-9E75-4624-AA56-2500FF8D34EB}"
EndProject
Project("{9A19103F-16F7-4668-BE54-9A1E7A4F7556}") = "Quantum.Account.CustomerConsumer", "src\Quantum.Account.CustomerConsumer\Quantum.Account.CustomerConsumer.csproj", "{300ED601-9DB4-42A1-9784-D3B80CA2376A}"
EndProject
Project("{9A19103F-16F7-4668-BE54-9A1E7A4F7556}") = "Quantum.Account.StreamConsumerLambda", "src\Quantum.Account.StreamConsumerLambda\Quantum.Account.StreamConsumerLambda.csproj", "{11EFA18F-658C-42E3-B887-E9C73B7944A6}"
EndProject
Project("{9A19103F-16F7-4668-BE54-9A1E7A4F7556}") = "Quantum.AccountSearch.Projection", "src\Quantum.AccountSearch.Projection\Quantum.AccountSearch.Projection.csproj", "{AC9EB4E1-EBCC-4DCD-AEB0-63B004A90A30}"
EndProject
Project("{FAE04EC0-301F-11D3-BF4B-00C04F79EFBC}") = "Quantum.AccountSearch.Persistence", "src\Quantum.AccountSearch.Persistence\Quantum.AccountSearch.Persistence.csproj", "{7542200B-7670-4F95-8159-6F4A0639F903}"
EndProject
Project("{9A19103F-16F7-4668-BE54-9A1E7A4F7556}") = "Quantum.AccountSearch.Api", "src\Quantum.AccountSearch.Api\Quantum.AccountSearch.Api.csproj", "{EDF75507-69C1-485F-8FF8-7F423279BC25}"
EndProject
Global
	GlobalSection(SolutionConfigurationPlatforms) = preSolution
		Debug|Any CPU = Debug|Any CPU
		Release|Any CPU = Release|Any CPU
	EndGlobalSection
	GlobalSection(ProjectConfigurationPlatforms) = postSolution
		{DFB2C96A-ACAB-4555-8A40-04A2B5C5E6ED}.Debug|Any CPU.ActiveCfg = Debug|Any CPU
		{DFB2C96A-ACAB-4555-8A40-04A2B5C5E6ED}.Debug|Any CPU.Build.0 = Debug|Any CPU
		{DFB2C96A-ACAB-4555-8A40-04A2B5C5E6ED}.Release|Any CPU.ActiveCfg = Release|Any CPU
		{DFB2C96A-ACAB-4555-8A40-04A2B5C5E6ED}.Release|Any CPU.Build.0 = Release|Any CPU
		{508FF090-9AFF-45C3-9872-5D53455A03D0}.Debug|Any CPU.ActiveCfg = Debug|Any CPU
		{508FF090-9AFF-45C3-9872-5D53455A03D0}.Debug|Any CPU.Build.0 = Debug|Any CPU
		{508FF090-9AFF-45C3-9872-5D53455A03D0}.Release|Any CPU.ActiveCfg = Release|Any CPU
		{508FF090-9AFF-45C3-9872-5D53455A03D0}.Release|Any CPU.Build.0 = Release|Any CPU
		{45171DD2-7549-4E88-8DEA-19C33A0D3AE7}.Debug|Any CPU.ActiveCfg = Debug|Any CPU
		{45171DD2-7549-4E88-8DEA-19C33A0D3AE7}.Debug|Any CPU.Build.0 = Debug|Any CPU
		{45171DD2-7549-4E88-8DEA-19C33A0D3AE7}.Release|Any CPU.ActiveCfg = Release|Any CPU
		{45171DD2-7549-4E88-8DEA-19C33A0D3AE7}.Release|Any CPU.Build.0 = Release|Any CPU
		{65D93957-A214-42FB-908B-8D5C5223AF00}.Debug|Any CPU.ActiveCfg = Debug|Any CPU
		{65D93957-A214-42FB-908B-8D5C5223AF00}.Debug|Any CPU.Build.0 = Debug|Any CPU
		{65D93957-A214-42FB-908B-8D5C5223AF00}.Release|Any CPU.ActiveCfg = Release|Any CPU
		{65D93957-A214-42FB-908B-8D5C5223AF00}.Release|Any CPU.Build.0 = Release|Any CPU
		{43C813C6-C73F-4C93-B0AD-5553CFB23B11}.Debug|Any CPU.ActiveCfg = Debug|Any CPU
		{43C813C6-C73F-4C93-B0AD-5553CFB23B11}.Debug|Any CPU.Build.0 = Debug|Any CPU
		{43C813C6-C73F-4C93-B0AD-5553CFB23B11}.Release|Any CPU.ActiveCfg = Release|Any CPU
		{43C813C6-C73F-4C93-B0AD-5553CFB23B11}.Release|Any CPU.Build.0 = Release|Any CPU
		{1056C4E2-3ABE-455F-9D64-8CDB21FAB36A}.Debug|Any CPU.ActiveCfg = Debug|Any CPU
		{1056C4E2-3ABE-455F-9D64-8CDB21FAB36A}.Debug|Any CPU.Build.0 = Debug|Any CPU
		{1056C4E2-3ABE-455F-9D64-8CDB21FAB36A}.Release|Any CPU.ActiveCfg = Release|Any CPU
		{1056C4E2-3ABE-455F-9D64-8CDB21FAB36A}.Release|Any CPU.Build.0 = Release|Any CPU
		{F0C83032-9E75-4624-AA56-2500FF8D34EB}.Debug|Any CPU.ActiveCfg = Debug|Any CPU
		{F0C83032-9E75-4624-AA56-2500FF8D34EB}.Debug|Any CPU.Build.0 = Debug|Any CPU
		{F0C83032-9E75-4624-AA56-2500FF8D34EB}.Release|Any CPU.ActiveCfg = Release|Any CPU
		{F0C83032-9E75-4624-AA56-2500FF8D34EB}.Release|Any CPU.Build.0 = Release|Any CPU
		{300ED601-9DB4-42A1-9784-D3B80CA2376A}.Debug|Any CPU.ActiveCfg = Debug|Any CPU
		{300ED601-9DB4-42A1-9784-D3B80CA2376A}.Debug|Any CPU.Build.0 = Debug|Any CPU
		{300ED601-9DB4-42A1-9784-D3B80CA2376A}.Release|Any CPU.ActiveCfg = Release|Any CPU
		{300ED601-9DB4-42A1-9784-D3B80CA2376A}.Release|Any CPU.Build.0 = Release|Any CPU
		{11EFA18F-658C-42E3-B887-E9C73B7944A6}.Debug|Any CPU.ActiveCfg = Debug|Any CPU
		{11EFA18F-658C-42E3-B887-E9C73B7944A6}.Debug|Any CPU.Build.0 = Debug|Any CPU
		{11EFA18F-658C-42E3-B887-E9C73B7944A6}.Release|Any CPU.ActiveCfg = Release|Any CPU
		{11EFA18F-658C-42E3-B887-E9C73B7944A6}.Release|Any CPU.Build.0 = Release|Any CPU
		{AC9EB4E1-EBCC-4DCD-AEB0-63B004A90A30}.Debug|Any CPU.ActiveCfg = Debug|Any CPU
		{AC9EB4E1-EBCC-4DCD-AEB0-63B004A90A30}.Debug|Any CPU.Build.0 = Debug|Any CPU
		{AC9EB4E1-EBCC-4DCD-AEB0-63B004A90A30}.Release|Any CPU.ActiveCfg = Release|Any CPU
		{AC9EB4E1-EBCC-4DCD-AEB0-63B004A90A30}.Release|Any CPU.Build.0 = Release|Any CPU
		{7542200B-7670-4F95-8159-6F4A0639F903}.Debug|Any CPU.ActiveCfg = Debug|Any CPU
		{7542200B-7670-4F95-8159-6F4A0639F903}.Debug|Any CPU.Build.0 = Debug|Any CPU
		{7542200B-7670-4F95-8159-6F4A0639F903}.Release|Any CPU.ActiveCfg = Release|Any CPU
		{7542200B-7670-4F95-8159-6F4A0639F903}.Release|Any CPU.Build.0 = Release|Any CPU
		{EDF75507-69C1-485F-8FF8-7F423279BC25}.Debug|Any CPU.ActiveCfg = Debug|Any CPU
		{EDF75507-69C1-485F-8FF8-7F423279BC25}.Debug|Any CPU.Build.0 = Debug|Any CPU
		{EDF75507-69C1-485F-8FF8-7F423279BC25}.Release|Any CPU.ActiveCfg = Release|Any CPU
		{EDF75507-69C1-485F-8FF8-7F423279BC25}.Release|Any CPU.Build.0 = Release|Any CPU
	EndGlobalSection
	GlobalSection(SolutionProperties) = preSolution
		HideSolutionNode = FALSE
	EndGlobalSection
	GlobalSection(NestedProjects) = preSolution
		{DFB2C96A-ACAB-4555-8A40-04A2B5C5E6ED} = {150031E8-82EE-427A-BF91-423356A1AD89}
		{508FF090-9AFF-45C3-9872-5D53455A03D0} = {150031E8-82EE-427A-BF91-423356A1AD89}
		{45171DD2-7549-4E88-8DEA-19C33A0D3AE7} = {150031E8-82EE-427A-BF91-423356A1AD89}
		{65D93957-A214-42FB-908B-8D5C5223AF00} = {150031E8-82EE-427A-BF91-423356A1AD89}
		{43C813C6-C73F-4C93-B0AD-5553CFB23B11} = {150031E8-82EE-427A-BF91-423356A1AD89}
		{1056C4E2-3ABE-455F-9D64-8CDB21FAB36A} = {150031E8-82EE-427A-BF91-423356A1AD89}
		{F0C83032-9E75-4624-AA56-2500FF8D34EB} = {150031E8-82EE-427A-BF91-423356A1AD89}
		{300ED601-9DB4-42A1-9784-D3B80CA2376A} = {150031E8-82EE-427A-BF91-423356A1AD89}
		{11EFA18F-658C-42E3-B887-E9C73B7944A6} = {150031E8-82EE-427A-BF91-423356A1AD89}
		{AC9EB4E1-EBCC-4DCD-AEB0-63B004A90A30} = {150031E8-82EE-427A-BF91-423356A1AD89}
		{7542200B-7670-4F95-8159-6F4A0639F903} = {150031E8-82EE-427A-BF91-423356A1AD89}
		{EDF75507-69C1-485F-8FF8-7F423279BC25} = {150031E8-82EE-427A-BF91-423356A1AD89}
	EndGlobalSection
	GlobalSection(ExtensibilityGlobals) = postSolution
		SolutionGuid = {2CC2E628-0071-42D7-83D5-6469BBFB8093}
	EndGlobalSection
EndGlobal
